
Microsoft Visual Studio Solution File, Format Version 12.00
# Visual Studio Version 17
VisualStudioVersion = 17.8.34330.188
MinimumVisualStudioVersion = 10.0.40219.1
Project("{FAE04EC0-301F-11D3-BF4B-00C04F79EFBC}") = "Learn.Services.AuthAPI", "WebApplication1\Learn.Services.AuthAPI.csproj", "{F03DB2B7-4CB1-4389-88D7-4FF4A4C252AE}"
EndProject
Global
	GlobalSection(SolutionConfigurationPlatforms) = preSolution
		Debug|Any CPU = Debug|Any CPU
		Release|Any CPU = Release|Any CPU
	EndGlobalSection
	GlobalSection(ProjectConfigurationPlatforms) = postSolution
		{F03DB2B7-4CB1-4389-88D7-4FF4A4C252AE}.Debug|Any CPU.ActiveCfg = Debug|Any CPU
		{F03DB2B7-4CB1-4389-88D7-4FF4A4C252AE}.Debug|Any CPU.Build.0 = Debug|Any CPU
		{F03DB2B7-4CB1-4389-88D7-4FF4A4C252AE}.Release|Any CPU.ActiveCfg = Release|Any CPU
		{F03DB2B7-4CB1-4389-88D7-4FF4A4C252AE}.Release|Any CPU.Build.0 = Release|Any CPU
	EndGlobalSection
	GlobalSection(SolutionProperties) = preSolution
		HideSolutionNode = FALSE
	EndGlobalSection
	GlobalSection(ExtensibilityGlobals) = postSolution
		SolutionGuid = {71BCFC4A-4D55-44AF-BA9C-D20FBF1118D1}
	EndGlobalSection
EndGlobal
