
Microsoft Visual Studio Solution File, Format Version 12.00
# Visual Studio Version 17
VisualStudioVersion = 17.11.35431.28
MinimumVisualStudioVersion = 10.0.40219.1
Project("{FAE04EC0-301F-11D3-BF4B-00C04F79EFBC}") = "DemoVisitor", "DemoVisitor\DemoVisitor.csproj", "{CBAEA087-92AE-4DCA-A90B-C455DB84E73A}"
EndProject
Global
	GlobalSection(SolutionConfigurationPlatforms) = preSolution
		Debug|Any CPU = Debug|Any CPU
		Release|Any CPU = Release|Any CPU
	EndGlobalSection
	GlobalSection(ProjectConfigurationPlatforms) = postSolution
		{CBAEA087-92AE-4DCA-A90B-C455DB84E73A}.Debug|Any CPU.ActiveCfg = Debug|Any CPU
		{CBAEA087-92AE-4DCA-A90B-C455DB84E73A}.Debug|Any CPU.Build.0 = Debug|Any CPU
		{CBAEA087-92AE-4DCA-A90B-C455DB84E73A}.Release|Any CPU.ActiveCfg = Release|Any CPU
		{CBAEA087-92AE-4DCA-A90B-C455DB84E73A}.Release|Any CPU.Build.0 = Release|Any CPU
	EndGlobalSection
	GlobalSection(SolutionProperties) = preSolution
		HideSolutionNode = FALSE
	EndGlobalSection
	GlobalSection(ExtensibilityGlobals) = postSolution
		SolutionGuid = {694C1C1D-1E80-4CBE-90B3-6396C5A7D0FF}
	EndGlobalSection
EndGlobal
